<?xml version="1.0" encoding="utf-8"?>
<Project ToolsVersion="4.0" xmlns="http://schemas.microsoft.com/developer/msbuild/2003">
  <ItemGroup>
    <Filter Include="itch_parser">
      <UniqueIdentifier>{04a45a51-23bd-4a76-abb8-40ebc7980ff7}</UniqueIdentifier>
    </Filter>
    <Filter Include="itch_parser\handlers">
      <UniqueIdentifier>{a420b926-85bc-4158-b6c4-a1a91ebc2273}</UniqueIdentifier>
    </Filter>
    <Filter Include="lob">
      <UniqueIdentifier>{cde71b8f-96a7-4595-9799-e9f8d3c9d2dc}</UniqueIdentifier>
    </Filter>
  </ItemGroup>
  <ItemGroup>
    <ClCompile Include="itch_parser\parser.cpp">
      <Filter>itch_parser</Filter>
    </ClCompile>
    <ClCompile Include="main.cpp" />
    <ClCompile Include="lob\lob.cpp">
      <Filter>lob</Filter>
    </ClCompile>
  </ItemGroup>
  <ItemGroup>
    <ClInclude Include="itch_parser\handlers\add_order.hpp">
      <Filter>itch_parser\handlers</Filter>
    </ClInclude>
    <ClInclude Include="itch_parser\handlers\broken_trade.hpp">
      <Filter>itch_parser\handlers</Filter>
    </ClInclude>
    <ClInclude Include="itch_parser\handlers\direct_listing_with_capital_raise_price_discovery.hpp">
      <Filter>itch_parser\handlers</Filter>
    </ClInclude>
    <ClInclude Include="itch_parser\handlers\luld.hpp">
      <Filter>itch_parser\handlers</Filter>
    </ClInclude>
    <ClInclude Include="itch_parser\handlers\market_participant_position.hpp">
      <Filter>itch_parser\handlers</Filter>
    </ClInclude>
    <ClInclude Include="itch_parser\handlers\modify_order.hpp">
      <Filter>itch_parser\handlers</Filter>
    </ClInclude>
    <ClInclude Include="itch_parser\handlers\mwcb.hpp">
      <Filter>itch_parser\handlers</Filter>
    </ClInclude>
    <ClInclude Include="itch_parser\handlers\operational_halt.hpp">
      <Filter>itch_parser\handlers</Filter>
    </ClInclude>
    <ClInclude Include="itch_parser\handlers\quoting_period.hpp">
      <Filter>itch_parser\handlers</Filter>
    </ClInclude>
    <ClInclude Include="itch_parser\handlers\reg_sho_short_sale_price_test_restricted_indicator.hpp">
      <Filter>itch_parser\handlers</Filter>
    </ClInclude>
    <ClInclude Include="itch_parser\handlers\stock_directory.hpp">
      <Filter>itch_parser\handlers</Filter>
    </ClInclude>
    <ClInclude Include="itch_parser\handlers\stock_trading_action.hpp">
      <Filter>itch_parser\handlers</Filter>
    </ClInclude>
    <ClInclude Include="itch_parser\handlers\system.hpp">
      <Filter>itch_parser\handlers</Filter>
    </ClInclude>
    <ClInclude Include="itch_parser\handlers\trade_messages.hpp">
      <Filter>itch_parser\handlers</Filter>
    </ClInclude>
    <ClInclude Include="itch_parser\parser.h">
      <Filter>itch_parser</Filter>
    </ClInclude>
    <ClInclude Include="lob\lob.h">
      <Filter>lob</Filter>
    </ClInclude>
    <ClInclude Include="includes.h" />
    <ClInclude Include="types.hpp" />
  </ItemGroup>
</Project>